
Microsoft Visual Studio Solution File, Format Version 12.00
# Visual Studio Version 17
VisualStudioVersion = 17.5.33414.496
MinimumVisualStudioVersion = 10.0.40219.1
Project("{FAE04EC0-301F-11D3-BF4B-00C04F79EFBC}") = "Tính tiền bán hàng", "Tính tiền bán hàng.csproj", "{0C238ED0-0EFB-49B8-8897-7445A8C29E71}"
EndProject
Global
	GlobalSection(SolutionConfigurationPlatforms) = preSolution
		Debug|Any CPU = Debug|Any CPU
		Release|Any CPU = Release|Any CPU
	EndGlobalSection
	GlobalSection(ProjectConfigurationPlatforms) = postSolution
		{0C238ED0-0EFB-49B8-8897-7445A8C29E71}.Debug|Any CPU.ActiveCfg = Debug|Any CPU
		{0C238ED0-0EFB-49B8-8897-7445A8C29E71}.Debug|Any CPU.Build.0 = Debug|Any CPU
		{0C238ED0-0EFB-49B8-8897-7445A8C29E71}.Release|Any CPU.ActiveCfg = Release|Any CPU
		{0C238ED0-0EFB-49B8-8897-7445A8C29E71}.Release|Any CPU.Build.0 = Release|Any CPU
	EndGlobalSection
	GlobalSection(SolutionProperties) = preSolution
		HideSolutionNode = FALSE
	EndGlobalSection
	GlobalSection(ExtensibilityGlobals) = postSolution
		SolutionGuid = {9F165B34-A0A2-459F-9209-882497348D7A}
	EndGlobalSection
EndGlobal
